{
  "name": "test-plugin",
  "version": "0.1.0",
  "lockfileVersion": 3,
  "requires": true,
  "packages": {
    "": {
      "name": "test-plugin",
      "version": "0.1.0",
      "devDependencies": {
        "@rfha/plugin-api": "0.1.0",
        "typescript": "5.9.3"
      }
    },
    "node_modules/@rfha/plugin-api": {
      "version": "0.1.0",
      "resolved": "https://npm.pkg.github.com/download/@rfha/plugin-api/0.1.0/344ef3f8fc4f794c052f7f356623ac71eeb53f6d",
      "integrity": "sha512-kRsTdknGTrpnepxXNQOT6TN9TQXodOR6pPLCX4b5IRqBEFWk6Fe1ZyL7790XBHZIDW0VAGTRcVWaSaN0IbQIEQ==",
      "dev": true,
      "license": "MIT"
    },
    "node_modules/typescript": {
      "version": "5.9.3",
      "resolved": "https://registry.npmjs.org/typescript/-/typescript-5.9.3.tgz",
      "integrity": "sha512-jl1vZzPDinLr9eUt3J/t7V6FgNEw9QjvBPdysz9KfQDD41fQrC2Y4vKQdiaUpFT4bXlb1RHhLpp8wtm6M5TgSw==",
      "dev": true,
      "license": "Apache-2.0",
      "bin": {
        "tsc": "bin/tsc",
        "tsserver": "bin/tsserver"
      },
      "engines": {
        "node": ">=14.17"
      }
    }
  }
}
